
Microsoft Visual Studio Solution File, Format Version 12.00
# Visual Studio 2015
Project("{FAE04EC0-301F-11D3-BF4B-00C04F79EFBC}") = "Pickpocket PlayMaker.CSharp", "Pickpocket PlayMaker.CSharp.csproj", "{734963F7-B91C-8F9C-1161-463C8670F940}"
EndProject
Project("{FAE04EC0-301F-11D3-BF4B-00C04F79EFBC}") = "Pickpocket PlayMaker.CSharp.Editor", "Pickpocket PlayMaker.CSharp.Editor.csproj", "{2298D3F5-B812-F9C3-912E-AF1767E85926}"
EndProject
Global
	GlobalSection(SolutionConfigurationPlatforms) = preSolution
		Debug|Any CPU = Debug|Any CPU
		Release|Any CPU = Release|Any CPU
	EndGlobalSection
	GlobalSection(ProjectConfigurationPlatforms) = postSolution
		{734963F7-B91C-8F9C-1161-463C8670F940}.Debug|Any CPU.ActiveCfg = Debug|Any CPU
		{734963F7-B91C-8F9C-1161-463C8670F940}.Debug|Any CPU.Build.0 = Debug|Any CPU
		{734963F7-B91C-8F9C-1161-463C8670F940}.Release|Any CPU.ActiveCfg = Release|Any CPU
		{734963F7-B91C-8F9C-1161-463C8670F940}.Release|Any CPU.Build.0 = Release|Any CPU
		{2298D3F5-B812-F9C3-912E-AF1767E85926}.Debug|Any CPU.ActiveCfg = Debug|Any CPU
		{2298D3F5-B812-F9C3-912E-AF1767E85926}.Debug|Any CPU.Build.0 = Debug|Any CPU
		{2298D3F5-B812-F9C3-912E-AF1767E85926}.Release|Any CPU.ActiveCfg = Release|Any CPU
		{2298D3F5-B812-F9C3-912E-AF1767E85926}.Release|Any CPU.Build.0 = Release|Any CPU
	EndGlobalSection
	GlobalSection(SolutionProperties) = preSolution
		HideSolutionNode = FALSE
	EndGlobalSection
EndGlobal
