
Microsoft Visual Studio Solution File, Format Version 12.00
# Visual Studio 2015
Project("{FAE04EC0-301F-11D3-BF4B-00C04F79EFBC}") = "Pickpocket3D.CSharp", "Pickpocket3D.CSharp.csproj", "{DE9E7615-55BD-5DE5-511E-25A0DD218133}"
EndProject
Project("{FAE04EC0-301F-11D3-BF4B-00C04F79EFBC}") = "Pickpocket3D.CSharp.Plugins", "Pickpocket3D.CSharp.Plugins.csproj", "{BCC3F9E6-5247-337E-56FB-328CC183F1BB}"
EndProject
Project("{FAE04EC0-301F-11D3-BF4B-00C04F79EFBC}") = "Pickpocket3D.CSharp.Editor.Plugins", "Pickpocket3D.CSharp.Editor.Plugins.csproj", "{CA4FC5D2-154D-3E15-12B4-90A3CA378658}"
EndProject
Global
	GlobalSection(SolutionConfigurationPlatforms) = preSolution
		Debug|Any CPU = Debug|Any CPU
		Release|Any CPU = Release|Any CPU
	EndGlobalSection
	GlobalSection(ProjectConfigurationPlatforms) = postSolution
		{DE9E7615-55BD-5DE5-511E-25A0DD218133}.Debug|Any CPU.ActiveCfg = Debug|Any CPU
		{DE9E7615-55BD-5DE5-511E-25A0DD218133}.Debug|Any CPU.Build.0 = Debug|Any CPU
		{DE9E7615-55BD-5DE5-511E-25A0DD218133}.Release|Any CPU.ActiveCfg = Release|Any CPU
		{DE9E7615-55BD-5DE5-511E-25A0DD218133}.Release|Any CPU.Build.0 = Release|Any CPU
		{BCC3F9E6-5247-337E-56FB-328CC183F1BB}.Debug|Any CPU.ActiveCfg = Debug|Any CPU
		{BCC3F9E6-5247-337E-56FB-328CC183F1BB}.Debug|Any CPU.Build.0 = Debug|Any CPU
		{BCC3F9E6-5247-337E-56FB-328CC183F1BB}.Release|Any CPU.ActiveCfg = Release|Any CPU
		{BCC3F9E6-5247-337E-56FB-328CC183F1BB}.Release|Any CPU.Build.0 = Release|Any CPU
		{CA4FC5D2-154D-3E15-12B4-90A3CA378658}.Debug|Any CPU.ActiveCfg = Debug|Any CPU
		{CA4FC5D2-154D-3E15-12B4-90A3CA378658}.Debug|Any CPU.Build.0 = Debug|Any CPU
		{CA4FC5D2-154D-3E15-12B4-90A3CA378658}.Release|Any CPU.ActiveCfg = Release|Any CPU
		{CA4FC5D2-154D-3E15-12B4-90A3CA378658}.Release|Any CPU.Build.0 = Release|Any CPU
	EndGlobalSection
	GlobalSection(SolutionProperties) = preSolution
		HideSolutionNode = FALSE
	EndGlobalSection
EndGlobal
